
Microsoft Visual Studio Solution File, Format Version 12.00
# Visual Studio Version 17
VisualStudioVersion = 17.14.36623.8 d17.14
MinimumVisualStudioVersion = 10.0.40219.1
Project("{FAE04EC0-301F-11D3-BF4B-00C04F79EFBC}") = "EmirPortfolioAI", "EmirPortfolioAI\EmirPortfolioAI.csproj", "{F871D976-3610-4209-8877-A99C237CDC0D}"
EndProject
Global
	GlobalSection(SolutionConfigurationPlatforms) = preSolution
		Debug|Any CPU = Debug|Any CPU
		Release|Any CPU = Release|Any CPU
	EndGlobalSection
	GlobalSection(ProjectConfigurationPlatforms) = postSolution
		{F871D976-3610-4209-8877-A99C237CDC0D}.Debug|Any CPU.ActiveCfg = Debug|Any CPU
		{F871D976-3610-4209-8877-A99C237CDC0D}.Debug|Any CPU.Build.0 = Debug|Any CPU
		{F871D976-3610-4209-8877-A99C237CDC0D}.Release|Any CPU.ActiveCfg = Release|Any CPU
		{F871D976-3610-4209-8877-A99C237CDC0D}.Release|Any CPU.Build.0 = Release|Any CPU
	EndGlobalSection
	GlobalSection(SolutionProperties) = preSolution
		HideSolutionNode = FALSE
	EndGlobalSection
	GlobalSection(ExtensibilityGlobals) = postSolution
		SolutionGuid = {D988EAE5-24FE-487D-8F2A-D1354F5F1072}
	EndGlobalSection
EndGlobal
